
Microsoft Visual Studio Solution File, Format Version 12.00
# Visual Studio 14
VisualStudioVersion = 14.0.25123.0
MinimumVisualStudioVersion = 10.0.40219.1
Project("{FAE04EC0-301F-11D3-BF4B-00C04F79EFBC}") = "AssignmentAye.Droid", "AssignmentAye\AssignmentAye.Droid\AssignmentAye.Droid.csproj", "{EC9F047B-EE34-40C1-91FC-6333F810E679}"
EndProject
Project("{FAE04EC0-301F-11D3-BF4B-00C04F79EFBC}") = "AssignmentAye.iOS", "AssignmentAye\AssignmentAye.iOS\AssignmentAye.iOS.csproj", "{1D60445C-5C15-4F7C-8D1A-1A6D934236E1}"
EndProject
Project("{FAE04EC0-301F-11D3-BF4B-00C04F79EFBC}") = "AssignmentAye", "AssignmentAye\AssignmentAye\AssignmentAye.csproj", "{7156305B-EE65-40FF-B09A-4C6A9A97125A}"
EndProject
Global
	GlobalSection(SolutionConfigurationPlatforms) = preSolution
		Ad-Hoc|Any CPU = Ad-Hoc|Any CPU
		Ad-Hoc|ARM = Ad-Hoc|ARM
		Ad-Hoc|iPhone = Ad-Hoc|iPhone
		Ad-Hoc|iPhoneSimulator = Ad-Hoc|iPhoneSimulator
		Ad-Hoc|x64 = Ad-Hoc|x64
		Ad-Hoc|x86 = Ad-Hoc|x86
		AppStore|Any CPU = AppStore|Any CPU
		AppStore|ARM = AppStore|ARM
		AppStore|iPhone = AppStore|iPhone
		AppStore|iPhoneSimulator = AppStore|iPhoneSimulator
		AppStore|x64 = AppStore|x64
		AppStore|x86 = AppStore|x86
		Debug|Any CPU = Debug|Any CPU
		Debug|ARM = Debug|ARM
		Debug|iPhone = Debug|iPhone
		Debug|iPhoneSimulator = Debug|iPhoneSimulator
		Debug|x64 = Debug|x64
		Debug|x86 = Debug|x86
		Release|Any CPU = Release|Any CPU
		Release|ARM = Release|ARM
		Release|iPhone = Release|iPhone
		Release|iPhoneSimulator = Release|iPhoneSimulator
		Release|x64 = Release|x64
		Release|x86 = Release|x86
	EndGlobalSection
	GlobalSection(ProjectConfigurationPlatforms) = postSolution
		{EC9F047B-EE34-40C1-91FC-6333F810E679}.Ad-Hoc|Any CPU.ActiveCfg = Release|Any CPU
		{EC9F047B-EE34-40C1-91FC-6333F810E679}.Ad-Hoc|Any CPU.Build.0 = Release|Any CPU
		{EC9F047B-EE34-40C1-91FC-6333F810E679}.Ad-Hoc|Any CPU.Deploy.0 = Release|Any CPU
		{EC9F047B-EE34-40C1-91FC-6333F810E679}.Ad-Hoc|ARM.ActiveCfg = Release|Any CPU
		{EC9F047B-EE34-40C1-91FC-6333F810E679}.Ad-Hoc|ARM.Build.0 = Release|Any CPU
		{EC9F047B-EE34-40C1-91FC-6333F810E679}.Ad-Hoc|ARM.Deploy.0 = Release|Any CPU
		{EC9F047B-EE34-40C1-91FC-6333F810E679}.Ad-Hoc|iPhone.ActiveCfg = Release|Any CPU
		{EC9F047B-EE34-40C1-91FC-6333F810E679}.Ad-Hoc|iPhone.Build.0 = Release|Any CPU
		{EC9F047B-EE34-40C1-91FC-6333F810E679}.Ad-Hoc|iPhone.Deploy.0 = Release|Any CPU
		{EC9F047B-EE34-40C1-91FC-6333F810E679}.Ad-Hoc|iPhoneSimulator.ActiveCfg = Release|Any CPU
		{EC9F047B-EE34-40C1-91FC-6333F810E679}.Ad-Hoc|iPhoneSimulator.Build.0 = Release|Any CPU
		{EC9F047B-EE34-40C1-91FC-6333F810E679}.Ad-Hoc|iPhoneSimulator.Deploy.0 = Release|Any CPU
		{EC9F047B-EE34-40C1-91FC-6333F810E679}.Ad-Hoc|x64.ActiveCfg = Release|Any CPU
		{EC9F047B-EE34-40C1-91FC-6333F810E679}.Ad-Hoc|x64.Build.0 = Release|Any CPU
		{EC9F047B-EE34-40C1-91FC-6333F810E679}.Ad-Hoc|x64.Deploy.0 = Release|Any CPU
		{EC9F047B-EE34-40C1-91FC-6333F810E679}.Ad-Hoc|x86.ActiveCfg = Release|Any CPU
		{EC9F047B-EE34-40C1-91FC-6333F810E679}.Ad-Hoc|x86.Build.0 = Release|Any CPU
		{EC9F047B-EE34-40C1-91FC-6333F810E679}.Ad-Hoc|x86.Deploy.0 = Release|Any CPU
		{EC9F047B-EE34-40C1-91FC-6333F810E679}.AppStore|Any CPU.ActiveCfg = Release|Any CPU
		{EC9F047B-EE34-40C1-91FC-6333F810E679}.AppStore|Any CPU.Build.0 = Release|Any CPU
		{EC9F047B-EE34-40C1-91FC-6333F810E679}.AppStore|Any CPU.Deploy.0 = Release|Any CPU
		{EC9F047B-EE34-40C1-91FC-6333F810E679}.AppStore|ARM.ActiveCfg = Release|Any CPU
		{EC9F047B-EE34-40C1-91FC-6333F810E679}.AppStore|ARM.Build.0 = Release|Any CPU
		{EC9F047B-EE34-40C1-91FC-6333F810E679}.AppStore|ARM.Deploy.0 = Release|Any CPU
		{EC9F047B-EE34-40C1-91FC-6333F810E679}.AppStore|iPhone.ActiveCfg = Release|Any CPU
		{EC9F047B-EE34-40C1-91FC-6333F810E679}.AppStore|iPhone.Build.0 = Release|Any CPU
		{EC9F047B-EE34-40C1-91FC-6333F810E679}.AppStore|iPhone.Deploy.0 = Release|Any CPU
		{EC9F047B-EE34-40C1-91FC-6333F810E679}.AppStore|iPhoneSimulator.ActiveCfg = Release|Any CPU
		{EC9F047B-EE34-40C1-91FC-6333F810E679}.AppStore|iPhoneSimulator.Build.0 = Release|Any CPU
		{EC9F047B-EE34-40C1-91FC-6333F810E679}.AppStore|iPhoneSimulator.Deploy.0 = Release|Any CPU
		{EC9F047B-EE34-40C1-91FC-6333F810E679}.AppStore|x64.ActiveCfg = Release|Any CPU
		{EC9F047B-EE34-40C1-91FC-6333F810E679}.AppStore|x64.Build.0 = Release|Any CPU
		{EC9F047B-EE34-40C1-91FC-6333F810E679}.AppStore|x64.Deploy.0 = Release|Any CPU
		{EC9F047B-EE34-40C1-91FC-6333F810E679}.AppStore|x86.ActiveCfg = Release|Any CPU
		{EC9F047B-EE34-40C1-91FC-6333F810E679}.AppStore|x86.Build.0 = Release|Any CPU
		{EC9F047B-EE34-40C1-91FC-6333F810E679}.AppStore|x86.Deploy.0 = Release|Any CPU
		{EC9F047B-EE34-40C1-91FC-6333F810E679}.Debug|Any CPU.ActiveCfg = Debug|Any CPU
		{EC9F047B-EE34-40C1-91FC-6333F810E679}.Debug|Any CPU.Build.0 = Debug|Any CPU
		{EC9F047B-EE34-40C1-91FC-6333F810E679}.Debug|Any CPU.Deploy.0 = Debug|Any CPU
		{EC9F047B-EE34-40C1-91FC-6333F810E679}.Debug|ARM.ActiveCfg = Debug|Any CPU
		{EC9F047B-EE34-40C1-91FC-6333F810E679}.Debug|ARM.Build.0 = Debug|Any CPU
		{EC9F047B-EE34-40C1-91FC-6333F810E679}.Debug|ARM.Deploy.0 = Debug|Any CPU
		{EC9F047B-EE34-40C1-91FC-6333F810E679}.Debug|iPhone.ActiveCfg = Debug|Any CPU
		{EC9F047B-EE34-40C1-91FC-6333F810E679}.Debug|iPhone.Build.0 = Debug|Any CPU
		{EC9F047B-EE34-40C1-91FC-6333F810E679}.Debug|iPhone.Deploy.0 = Debug|Any CPU
		{EC9F047B-EE34-40C1-91FC-6333F810E679}.Debug|iPhoneSimulator.ActiveCfg = Debug|Any CPU
		{EC9F047B-EE34-40C1-91FC-6333F810E679}.Debug|iPhoneSimulator.Build.0 = Debug|Any CPU
		{EC9F047B-EE34-40C1-91FC-6333F810E679}.Debug|iPhoneSimulator.Deploy.0 = Debug|Any CPU
		{EC9F047B-EE34-40C1-91FC-6333F810E679}.Debug|x64.ActiveCfg = Debug|Any CPU
		{EC9F047B-EE34-40C1-91FC-6333F810E679}.Debug|x64.Build.0 = Debug|Any CPU
		{EC9F047B-EE34-40C1-91FC-6333F810E679}.Debug|x64.Deploy.0 = Debug|Any CPU
		{EC9F047B-EE34-40C1-91FC-6333F810E679}.Debug|x86.ActiveCfg = Debug|Any CPU
		{EC9F047B-EE34-40C1-91FC-6333F810E679}.Debug|x86.Build.0 = Debug|Any CPU
		{EC9F047B-EE34-40C1-91FC-6333F810E679}.Debug|x86.Deploy.0 = Debug|Any CPU
		{EC9F047B-EE34-40C1-91FC-6333F810E679}.Release|Any CPU.ActiveCfg = Release|Any CPU
		{EC9F047B-EE34-40C1-91FC-6333F810E679}.Release|Any CPU.Build.0 = Release|Any CPU
		{EC9F047B-EE34-40C1-91FC-6333F810E679}.Release|Any CPU.Deploy.0 = Release|Any CPU
		{EC9F047B-EE34-40C1-91FC-6333F810E679}.Release|ARM.ActiveCfg = Release|Any CPU
		{EC9F047B-EE34-40C1-91FC-6333F810E679}.Release|ARM.Build.0 = Release|Any CPU
		{EC9F047B-EE34-40C1-91FC-6333F810E679}.Release|ARM.Deploy.0 = Release|Any CPU
		{EC9F047B-EE34-40C1-91FC-6333F810E679}.Release|iPhone.ActiveCfg = Release|Any CPU
		{EC9F047B-EE34-40C1-91FC-6333F810E679}.Release|iPhone.Build.0 = Release|Any CPU
		{EC9F047B-EE34-40C1-91FC-6333F810E679}.Release|iPhone.Deploy.0 = Release|Any CPU
		{EC9F047B-EE34-40C1-91FC-6333F810E679}.Release|iPhoneSimulator.ActiveCfg = Release|Any CPU
		{EC9F047B-EE34-40C1-91FC-6333F810E679}.Release|iPhoneSimulator.Build.0 = Release|Any CPU
		{EC9F047B-EE34-40C1-91FC-6333F810E679}.Release|iPhoneSimulator.Deploy.0 = Release|Any CPU
		{EC9F047B-EE34-40C1-91FC-6333F810E679}.Release|x64.ActiveCfg = Release|Any CPU
		{EC9F047B-EE34-40C1-91FC-6333F810E679}.Release|x64.Build.0 = Release|Any CPU
		{EC9F047B-EE34-40C1-91FC-6333F810E679}.Release|x64.Deploy.0 = Release|Any CPU
		{EC9F047B-EE34-40C1-91FC-6333F810E679}.Release|x86.ActiveCfg = Release|Any CPU
		{EC9F047B-EE34-40C1-91FC-6333F810E679}.Release|x86.Build.0 = Release|Any CPU
		{EC9F047B-EE34-40C1-91FC-6333F810E679}.Release|x86.Deploy.0 = Release|Any CPU
		{1D60445C-5C15-4F7C-8D1A-1A6D934236E1}.Ad-Hoc|Any CPU.ActiveCfg = Ad-Hoc|iPhone
		{1D60445C-5C15-4F7C-8D1A-1A6D934236E1}.Ad-Hoc|ARM.ActiveCfg = Ad-Hoc|iPhone
		{1D60445C-5C15-4F7C-8D1A-1A6D934236E1}.Ad-Hoc|iPhone.ActiveCfg = Ad-Hoc|iPhone
		{1D60445C-5C15-4F7C-8D1A-1A6D934236E1}.Ad-Hoc|iPhone.Build.0 = Ad-Hoc|iPhone
		{1D60445C-5C15-4F7C-8D1A-1A6D934236E1}.Ad-Hoc|iPhoneSimulator.ActiveCfg = Ad-Hoc|iPhoneSimulator
		{1D60445C-5C15-4F7C-8D1A-1A6D934236E1}.Ad-Hoc|iPhoneSimulator.Build.0 = Ad-Hoc|iPhoneSimulator
		{1D60445C-5C15-4F7C-8D1A-1A6D934236E1}.Ad-Hoc|x64.ActiveCfg = Ad-Hoc|iPhone
		{1D60445C-5C15-4F7C-8D1A-1A6D934236E1}.Ad-Hoc|x86.ActiveCfg = Ad-Hoc|iPhone
		{1D60445C-5C15-4F7C-8D1A-1A6D934236E1}.AppStore|Any CPU.ActiveCfg = AppStore|iPhone
		{1D60445C-5C15-4F7C-8D1A-1A6D934236E1}.AppStore|ARM.ActiveCfg = AppStore|iPhone
		{1D60445C-5C15-4F7C-8D1A-1A6D934236E1}.AppStore|iPhone.ActiveCfg = AppStore|iPhone
		{1D60445C-5C15-4F7C-8D1A-1A6D934236E1}.AppStore|iPhone.Build.0 = AppStore|iPhone
		{1D60445C-5C15-4F7C-8D1A-1A6D934236E1}.AppStore|iPhoneSimulator.ActiveCfg = AppStore|iPhoneSimulator
		{1D60445C-5C15-4F7C-8D1A-1A6D934236E1}.AppStore|iPhoneSimulator.Build.0 = AppStore|iPhoneSimulator
		{1D60445C-5C15-4F7C-8D1A-1A6D934236E1}.AppStore|x64.ActiveCfg = AppStore|iPhone
		{1D60445C-5C15-4F7C-8D1A-1A6D934236E1}.AppStore|x86.ActiveCfg = AppStore|iPhone
		{1D60445C-5C15-4F7C-8D1A-1A6D934236E1}.Debug|Any CPU.ActiveCfg = Debug|iPhone
		{1D60445C-5C15-4F7C-8D1A-1A6D934236E1}.Debug|ARM.ActiveCfg = Debug|iPhone
		{1D60445C-5C15-4F7C-8D1A-1A6D934236E1}.Debug|iPhone.ActiveCfg = Debug|iPhone
		{1D60445C-5C15-4F7C-8D1A-1A6D934236E1}.Debug|iPhone.Build.0 = Debug|iPhone
		{1D60445C-5C15-4F7C-8D1A-1A6D934236E1}.Debug|iPhoneSimulator.ActiveCfg = Debug|iPhoneSimulator
		{1D60445C-5C15-4F7C-8D1A-1A6D934236E1}.Debug|iPhoneSimulator.Build.0 = Debug|iPhoneSimulator
		{1D60445C-5C15-4F7C-8D1A-1A6D934236E1}.Debug|x64.ActiveCfg = Debug|iPhone
		{1D60445C-5C15-4F7C-8D1A-1A6D934236E1}.Debug|x86.ActiveCfg = Debug|iPhone
		{1D60445C-5C15-4F7C-8D1A-1A6D934236E1}.Release|Any CPU.ActiveCfg = Release|iPhone
		{1D60445C-5C15-4F7C-8D1A-1A6D934236E1}.Release|ARM.ActiveCfg = Release|iPhone
		{1D60445C-5C15-4F7C-8D1A-1A6D934236E1}.Release|iPhone.ActiveCfg = Release|iPhone
		{1D60445C-5C15-4F7C-8D1A-1A6D934236E1}.Release|iPhone.Build.0 = Release|iPhone
		{1D60445C-5C15-4F7C-8D1A-1A6D934236E1}.Release|iPhoneSimulator.ActiveCfg = Release|iPhoneSimulator
		{1D60445C-5C15-4F7C-8D1A-1A6D934236E1}.Release|iPhoneSimulator.Build.0 = Release|iPhoneSimulator
		{1D60445C-5C15-4F7C-8D1A-1A6D934236E1}.Release|x64.ActiveCfg = Release|iPhone
		{1D60445C-5C15-4F7C-8D1A-1A6D934236E1}.Release|x86.ActiveCfg = Release|iPhone
		{7156305B-EE65-40FF-B09A-4C6A9A97125A}.Ad-Hoc|Any CPU.ActiveCfg = Release|Any CPU
		{7156305B-EE65-40FF-B09A-4C6A9A97125A}.Ad-Hoc|Any CPU.Build.0 = Release|Any CPU
		{7156305B-EE65-40FF-B09A-4C6A9A97125A}.Ad-Hoc|ARM.ActiveCfg = Release|Any CPU
		{7156305B-EE65-40FF-B09A-4C6A9A97125A}.Ad-Hoc|ARM.Build.0 = Release|Any CPU
		{7156305B-EE65-40FF-B09A-4C6A9A97125A}.Ad-Hoc|iPhone.ActiveCfg = Release|Any CPU
		{7156305B-EE65-40FF-B09A-4C6A9A97125A}.Ad-Hoc|iPhone.Build.0 = Release|Any CPU
		{7156305B-EE65-40FF-B09A-4C6A9A97125A}.Ad-Hoc|iPhoneSimulator.ActiveCfg = Release|Any CPU
		{7156305B-EE65-40FF-B09A-4C6A9A97125A}.Ad-Hoc|iPhoneSimulator.Build.0 = Release|Any CPU
		{7156305B-EE65-40FF-B09A-4C6A9A97125A}.Ad-Hoc|x64.ActiveCfg = Release|Any CPU
		{7156305B-EE65-40FF-B09A-4C6A9A97125A}.Ad-Hoc|x64.Build.0 = Release|Any CPU
		{7156305B-EE65-40FF-B09A-4C6A9A97125A}.Ad-Hoc|x86.ActiveCfg = Release|Any CPU
		{7156305B-EE65-40FF-B09A-4C6A9A97125A}.Ad-Hoc|x86.Build.0 = Release|Any CPU
		{7156305B-EE65-40FF-B09A-4C6A9A97125A}.AppStore|Any CPU.ActiveCfg = Release|Any CPU
		{7156305B-EE65-40FF-B09A-4C6A9A97125A}.AppStore|Any CPU.Build.0 = Release|Any CPU
		{7156305B-EE65-40FF-B09A-4C6A9A97125A}.AppStore|ARM.ActiveCfg = Release|Any CPU
		{7156305B-EE65-40FF-B09A-4C6A9A97125A}.AppStore|ARM.Build.0 = Release|Any CPU
		{7156305B-EE65-40FF-B09A-4C6A9A97125A}.AppStore|iPhone.ActiveCfg = Release|Any CPU
		{7156305B-EE65-40FF-B09A-4C6A9A97125A}.AppStore|iPhone.Build.0 = Release|Any CPU
		{7156305B-EE65-40FF-B09A-4C6A9A97125A}.AppStore|iPhoneSimulator.ActiveCfg = Release|Any CPU
		{7156305B-EE65-40FF-B09A-4C6A9A97125A}.AppStore|iPhoneSimulator.Build.0 = Release|Any CPU
		{7156305B-EE65-40FF-B09A-4C6A9A97125A}.AppStore|x64.ActiveCfg = Release|Any CPU
		{7156305B-EE65-40FF-B09A-4C6A9A97125A}.AppStore|x64.Build.0 = Release|Any CPU
		{7156305B-EE65-40FF-B09A-4C6A9A97125A}.AppStore|x86.ActiveCfg = Release|Any CPU
		{7156305B-EE65-40FF-B09A-4C6A9A97125A}.AppStore|x86.Build.0 = Release|Any CPU
		{7156305B-EE65-40FF-B09A-4C6A9A97125A}.Debug|Any CPU.ActiveCfg = Debug|Any CPU
		{7156305B-EE65-40FF-B09A-4C6A9A97125A}.Debug|Any CPU.Build.0 = Debug|Any CPU
		{7156305B-EE65-40FF-B09A-4C6A9A97125A}.Debug|ARM.ActiveCfg = Debug|Any CPU
		{7156305B-EE65-40FF-B09A-4C6A9A97125A}.Debug|ARM.Build.0 = Debug|Any CPU
		{7156305B-EE65-40FF-B09A-4C6A9A97125A}.Debug|iPhone.ActiveCfg = Debug|Any CPU
		{7156305B-EE65-40FF-B09A-4C6A9A97125A}.Debug|iPhone.Build.0 = Debug|Any CPU
		{7156305B-EE65-40FF-B09A-4C6A9A97125A}.Debug|iPhoneSimulator.ActiveCfg = Debug|Any CPU
		{7156305B-EE65-40FF-B09A-4C6A9A97125A}.Debug|iPhoneSimulator.Build.0 = Debug|Any CPU
		{7156305B-EE65-40FF-B09A-4C6A9A97125A}.Debug|x64.ActiveCfg = Debug|Any CPU
		{7156305B-EE65-40FF-B09A-4C6A9A97125A}.Debug|x64.Build.0 = Debug|Any CPU
		{7156305B-EE65-40FF-B09A-4C6A9A97125A}.Debug|x86.ActiveCfg = Debug|Any CPU
		{7156305B-EE65-40FF-B09A-4C6A9A97125A}.Debug|x86.Build.0 = Debug|Any CPU
		{7156305B-EE65-40FF-B09A-4C6A9A97125A}.Release|Any CPU.ActiveCfg = Release|Any CPU
		{7156305B-EE65-40FF-B09A-4C6A9A97125A}.Release|Any CPU.Build.0 = Release|Any CPU
		{7156305B-EE65-40FF-B09A-4C6A9A97125A}.Release|ARM.ActiveCfg = Release|Any CPU
		{7156305B-EE65-40FF-B09A-4C6A9A97125A}.Release|ARM.Build.0 = Release|Any CPU
		{7156305B-EE65-40FF-B09A-4C6A9A97125A}.Release|iPhone.ActiveCfg = Release|Any CPU
		{7156305B-EE65-40FF-B09A-4C6A9A97125A}.Release|iPhone.Build.0 = Release|Any CPU
		{7156305B-EE65-40FF-B09A-4C6A9A97125A}.Release|iPhoneSimulator.ActiveCfg = Release|Any CPU
		{7156305B-EE65-40FF-B09A-4C6A9A97125A}.Release|iPhoneSimulator.Build.0 = Release|Any CPU
		{7156305B-EE65-40FF-B09A-4C6A9A97125A}.Release|x64.ActiveCfg = Release|Any CPU
		{7156305B-EE65-40FF-B09A-4C6A9A97125A}.Release|x64.Build.0 = Release|Any CPU
		{7156305B-EE65-40FF-B09A-4C6A9A97125A}.Release|x86.ActiveCfg = Release|Any CPU
		{7156305B-EE65-40FF-B09A-4C6A9A97125A}.Release|x86.Build.0 = Release|Any CPU
	EndGlobalSection
	GlobalSection(SolutionProperties) = preSolution
		HideSolutionNode = FALSE
	EndGlobalSection
EndGlobal
